// !$*UTF8*$!
{
	archiveVersion = 1;
	classes = {
	};
	objectVersion = 51;
	objects = {

/* Begin PBXBuildFile section */
		ADBAD136249DE18A0048C1B5 /* Item.swift in Sources */ = {isa = PBXBuildFile; fileRef = ADBAD135249DE18A0048C1B5 /* Item.swift */; };
		ADBAD138249DE1980048C1B5 /* Category.swift in Sources */ = {isa = PBXBuildFile; fileRef = ADBAD137249DE1980048C1B5 /* Category.swift */; };
		ADF865882499E73400D09D30 /* AppDelegate.swift in Sources */ = {isa = PBXBuildFile; fileRef = ADF865872499E73400D09D30 /* AppDelegate.swift */; };
		ADF8658A2499E73400D09D30 /* SceneDelegate.swift in Sources */ = {isa = PBXBuildFile; fileRef = ADF865892499E73400D09D30 /* SceneDelegate.swift */; };
		ADF8658C2499E73400D09D30 /* TodoListViewController.swift in Sources */ = {isa = PBXBuildFile; fileRef = ADF8658B2499E73400D09D30 /* TodoListViewController.swift */; };
		ADF8658F2499E73400D09D30 /* Main.storyboard in Resources */ = {isa = PBXBuildFile; fileRef = ADF8658D2499E73400D09D30 /* Main.storyboard */; };
		ADF865912499E73600D09D30 /* Assets.xcassets in Resources */ = {isa = PBXBuildFile; fileRef = ADF865902499E73600D09D30 /* Assets.xcassets */; };
		ADF865942499E73600D09D30 /* LaunchScreen.storyboard in Resources */ = {isa = PBXBuildFile; fileRef = ADF865922499E73600D09D30 /* LaunchScreen.storyboard */; };
		ADF865D4249CB74700D09D30 /* CategoryTableViewController.swift in Sources */ = {isa = PBXBuildFile; fileRef = ADF865D3249CB74700D09D30 /* CategoryTableViewController.swift */; };
		E607D7036CC5F508C78DEAA1 /* Pods_Todoey.framework in Frameworks */ = {isa = PBXBuildFile; fileRef = 658A5DDBE5CB22FBE81A3E87 /* Pods_Todoey.framework */; };
/* End PBXBuildFile section */

/* Begin PBXFileReference section */
		658A5DDBE5CB22FBE81A3E87 /* Pods_Todoey.framework */ = {isa = PBXFileReference; explicitFileType = wrapper.framework; includeInIndex = 0; path = Pods_Todoey.framework; sourceTree = BUILT_PRODUCTS_DIR; };
		7A367348C97A3CC8C1D12D35 /* Pods-Todoey.release.xcconfig */ = {isa = PBXFileReference; includeInIndex = 1; lastKnownFileType = text.xcconfig; name = "Pods-Todoey.release.xcconfig"; path = "Target Support Files/Pods-Todoey/Pods-Todoey.release.xcconfig"; sourceTree = "<group>"; };
		ADBAD135249DE18A0048C1B5 /* Item.swift */ = {isa = PBXFileReference; lastKnownFileType = sourcecode.swift; path = Item.swift; sourceTree = "<group>"; };
		ADBAD137249DE1980048C1B5 /* Category.swift */ = {isa = PBXFileReference; lastKnownFileType = sourcecode.swift; path = Category.swift; sourceTree = "<group>"; };
		ADF865842499E73400D09D30 /* Todoey.app */ = {isa = PBXFileReference; explicitFileType = wrapper.application; includeInIndex = 0; path = Todoey.app; sourceTree = BUILT_PRODUCTS_DIR; };
		ADF865872499E73400D09D30 /* AppDelegate.swift */ = {isa = PBXFileReference; lastKnownFileType = sourcecode.swift; path = AppDelegate.swift; sourceTree = "<group>"; };
		ADF865892499E73400D09D30 /* SceneDelegate.swift */ = {isa = PBXFileReference; lastKnownFileType = sourcecode.swift; path = SceneDelegate.swift; sourceTree = "<group>"; };
		ADF8658B2499E73400D09D30 /* TodoListViewController.swift */ = {isa = PBXFileReference; lastKnownFileType = sourcecode.swift; path = TodoListViewController.swift; sourceTree = "<group>"; };
		ADF8658E2499E73400D09D30 /* Base */ = {isa = PBXFileReference; lastKnownFileType = file.storyboard; name = Base; path = Base.lproj/Main.storyboard; sourceTree = "<group>"; };
		ADF865902499E73600D09D30 /* Assets.xcassets */ = {isa = PBXFileReference; lastKnownFileType = folder.assetcatalog; path = Assets.xcassets; sourceTree = "<group>"; };
		ADF865932499E73600D09D30 /* Base */ = {isa = PBXFileReference; lastKnownFileType = file.storyboard; name = Base; path = Base.lproj/LaunchScreen.storyboard; sourceTree = "<group>"; };
		ADF865952499E73600D09D30 /* Info.plist */ = {isa = PBXFileReference; lastKnownFileType = text.plist.xml; path = Info.plist; sourceTree = "<group>"; };
		ADF865D3249CB74700D09D30 /* CategoryTableViewController.swift */ = {isa = PBXFileReference; lastKnownFileType = sourcecode.swift; path = CategoryTableViewController.swift; sourceTree = "<group>"; };
		F81634CBAD6B6C5D148015ED /* Pods-Todoey.debug.xcconfig */ = {isa = PBXFileReference; includeInIndex = 1; lastKnownFileType = text.xcconfig; name = "Pods-Todoey.debug.xcconfig"; path = "Target Support Files/Pods-Todoey/Pods-Todoey.debug.xcconfig"; sourceTree = "<group>"; };
/* End PBXFileReference section */

/* Begin PBXFrameworksBuildPhase section */
		ADF865812499E73400D09D30 /* Frameworks */ = {
			isa = PBXFrameworksBuildPhase;
			buildActionMask = 2147483647;
			files = (
				E607D7036CC5F508C78DEAA1 /* Pods_Todoey.framework in Frameworks */,
			);
			runOnlyForDeploymentPostprocessing = 0;
		};
/* End PBXFrameworksBuildPhase section */

/* Begin PBXGroup section */
		31BFDE932E7B738730F78822 /* Frameworks */ = {
			isa = PBXGroup;
			children = (
				658A5DDBE5CB22FBE81A3E87 /* Pods_Todoey.framework */,
			);
			name = Frameworks;
			sourceTree = "<group>";
		};
		6C5C81504360369A99A18444 /* Pods */ = {
			isa = PBXGroup;
			children = (
				F81634CBAD6B6C5D148015ED /* Pods-Todoey.debug.xcconfig */,
				7A367348C97A3CC8C1D12D35 /* Pods-Todoey.release.xcconfig */,
			);
			path = Pods;
			sourceTree = "<group>";
		};
		ADF8657B2499E73400D09D30 = {
			isa = PBXGroup;
			children = (
				ADF865862499E73400D09D30 /* Todoey */,
				ADF865852499E73400D09D30 /* Products */,
				6C5C81504360369A99A18444 /* Pods */,
				31BFDE932E7B738730F78822 /* Frameworks */,
			);
			sourceTree = "<group>";
		};
		ADF865852499E73400D09D30 /* Products */ = {
			isa = PBXGroup;
			children = (
				ADF865842499E73400D09D30 /* Todoey.app */,
			);
			name = Products;
			sourceTree = "<group>";
		};
		ADF865862499E73400D09D30 /* Todoey */ = {
			isa = PBXGroup;
			children = (
				ADF865952499E73600D09D30 /* Info.plist */,
				ADF865872499E73400D09D30 /* AppDelegate.swift */,
				ADF865892499E73400D09D30 /* SceneDelegate.swift */,
				ADF865922499E73600D09D30 /* LaunchScreen.storyboard */,
				ADF8659B249A5C3100D09D30 /* Controller */,
				ADF865CB249C8AE100D09D30 /* Data Model */,
				ADF8659D249A5C6300D09D30 /* View */,
				ADF8659E249A5C8500D09D30 /* Supporting files */,
			);
			path = Todoey;
			sourceTree = "<group>";
		};
		ADF8659B249A5C3100D09D30 /* Controller */ = {
			isa = PBXGroup;
			children = (
				ADF865D3249CB74700D09D30 /* CategoryTableViewController.swift */,
				ADF8658B2499E73400D09D30 /* TodoListViewController.swift */,
			);
			path = Controller;
			sourceTree = "<group>";
		};
		ADF8659D249A5C6300D09D30 /* View */ = {
			isa = PBXGroup;
			children = (
				ADF8658D2499E73400D09D30 /* Main.storyboard */,
			);
			path = View;
			sourceTree = "<group>";
		};
		ADF8659E249A5C8500D09D30 /* Supporting files */ = {
			isa = PBXGroup;
			children = (
				ADF865902499E73600D09D30 /* Assets.xcassets */,
			);
			path = "Supporting files";
			sourceTree = "<group>";
		};
		ADF865CB249C8AE100D09D30 /* Data Model */ = {
			isa = PBXGroup;
			children = (
				ADBAD137249DE1980048C1B5 /* Category.swift */,
				ADBAD135249DE18A0048C1B5 /* Item.swift */,
			);
			path = "Data Model";
			sourceTree = "<group>";
		};
/* End PBXGroup section */

/* Begin PBXNativeTarget section */
		ADF865832499E73400D09D30 /* Todoey */ = {
			isa = PBXNativeTarget;
			buildConfigurationList = ADF865982499E73600D09D30 /* Build configuration list for PBXNativeTarget "Todoey" */;
			buildPhases = (
				A80BFC839F64C79075E260D6 /* [CP] Check Pods Manifest.lock */,
				ADF865802499E73400D09D30 /* Sources */,
				ADF865812499E73400D09D30 /* Frameworks */,
				ADF865822499E73400D09D30 /* Resources */,
				56D12712EAE7BBF189305511 /* [CP] Embed Pods Frameworks */,
			);
			buildRules = (
			);
			dependencies = (
			);
			name = Todoey;
			productName = Todoey;
			productReference = ADF865842499E73400D09D30 /* Todoey.app */;
			productType = "com.apple.product-type.application";
		};
/* End PBXNativeTarget section */

/* Begin PBXProject section */
		ADF8657C2499E73400D09D30 /* Project object */ = {
			isa = PBXProject;
			attributes = {
				LastSwiftUpdateCheck = 1150;
				LastUpgradeCheck = 1150;
				ORGANIZATIONNAME = "saw Tarmalar";
				TargetAttributes = {
					ADF865832499E73400D09D30 = {
						CreatedOnToolsVersion = 11.5;
					};
				};
			};
			buildConfigurationList = ADF8657F2499E73400D09D30 /* Build configuration list for PBXProject "Todoey" */;
			compatibilityVersion = "Xcode 9.3";
			developmentRegion = en;
			hasScannedForEncodings = 0;
			knownRegions = (
				en,
				Base,
			);
			mainGroup = ADF8657B2499E73400D09D30;
			productRefGroup = ADF865852499E73400D09D30 /* Products */;
			projectDirPath = "";
			projectRoot = "";
			targets = (
				ADF865832499E73400D09D30 /* Todoey */,
			);
		};
/* End PBXProject section */

/* Begin PBXResourcesBuildPhase section */
		ADF865822499E73400D09D30 /* Resources */ = {
			isa = PBXResourcesBuildPhase;
			buildActionMask = 2147483647;
			files = (
				ADF865942499E73600D09D30 /* LaunchScreen.storyboard in Resources */,
				ADF865912499E73600D09D30 /* Assets.xcassets in Resources */,
				ADF8658F2499E73400D09D30 /* Main.storyboard in Resources */,
			);
			runOnlyForDeploymentPostprocessing = 0;
		};
/* End PBXResourcesBuildPhase section */

/* Begin PBXShellScriptBuildPhase section */
		56D12712EAE7BBF189305511 /* [CP] Embed Pods Frameworks */ = {
			isa = PBXShellScriptBuildPhase;
			buildActionMask = 2147483647;
			files = (
			);
			inputFileListPaths = (
				"${PODS_ROOT}/Target Support Files/Pods-Todoey/Pods-Todoey-frameworks-${CONFIGURATION}-input-files.xcfilelist",
			);
			name = "[CP] Embed Pods Frameworks";
			outputFileListPaths = (
				"${PODS_ROOT}/Target Support Files/Pods-Todoey/Pods-Todoey-frameworks-${CONFIGURATION}-output-files.xcfilelist",
			);
			runOnlyForDeploymentPostprocessing = 0;
			shellPath = /bin/sh;
			shellScript = "\"${PODS_ROOT}/Target Support Files/Pods-Todoey/Pods-Todoey-frameworks.sh\"\n";
			showEnvVarsInLog = 0;
		};
		A80BFC839F64C79075E260D6 /* [CP] Check Pods Manifest.lock */ = {
			isa = PBXShellScriptBuildPhase;
			buildActionMask = 2147483647;
			files = (
			);
			inputFileListPaths = (
			);
			inputPaths = (
				"${PODS_PODFILE_DIR_PATH}/Podfile.lock",
				"${PODS_ROOT}/Manifest.lock",
			);
			name = "[CP] Check Pods Manifest.lock";
			outputFileListPaths = (
			);
			outputPaths = (
				"$(DERIVED_FILE_DIR)/Pods-Todoey-checkManifestLockResult.txt",
			);
			runOnlyForDeploymentPostprocessing = 0;
			shellPath = /bin/sh;
			shellScript = "diff \"${PODS_PODFILE_DIR_PATH}/Podfile.lock\" \"${PODS_ROOT}/Manifest.lock\" > /dev/null\nif [ $? != 0 ] ; then\n    # print error to STDERR\n    echo \"error: The sandbox is not in sync with the Podfile.lock. Run 'pod install' or update your CocoaPods installation.\" >&2\n    exit 1\nfi\n# This output is used by Xcode 'outputs' to avoid re-running this script phase.\necho \"SUCCESS\" > \"${SCRIPT_OUTPUT_FILE_0}\"\n";
			showEnvVarsInLog = 0;
		};
/* End PBXShellScriptBuildPhase section */

/* Begin PBXSourcesBuildPhase section */
		ADF865802499E73400D09D30 /* Sources */ = {
			isa = PBXSourcesBuildPhase;
			buildActionMask = 2147483647;
			files = (
				ADF8658C2499E73400D09D30 /* TodoListViewController.swift in Sources */,
				ADF865D4249CB74700D09D30 /* CategoryTableViewController.swift in Sources */,
				ADBAD136249DE18A0048C1B5 /* Item.swift in Sources */,
				ADF865882499E73400D09D30 /* AppDelegate.swift in Sources */,
				ADF8658A2499E73400D09D30 /* SceneDelegate.swift in Sources */,
				ADBAD138249DE1980048C1B5 /* Category.swift in Sources */,
			);
			runOnlyForDeploymentPostprocessing = 0;
		};
/* End PBXSourcesBuildPhase section */

/* Begin PBXVariantGroup section */
		ADF8658D2499E73400D09D30 /* Main.storyboard */ = {
			isa = PBXVariantGroup;
			children = (
				ADF8658E2499E73400D09D30 /* Base */,
			);
			name = Main.storyboard;
			sourceTree = "<group>";
		};
		ADF865922499E73600D09D30 /* LaunchScreen.storyboard */ = {
			isa = PBXVariantGroup;
			children = (
				ADF865932499E73600D09D30 /* Base */,
			);
			name = LaunchScreen.storyboard;
			sourceTree = "<group>";
		};
/* End PBXVariantGroup section */

/* Begin XCBuildConfiguration section */
		ADF865962499E73600D09D30 /* Debug */ = {
			isa = XCBuildConfiguration;
			buildSettings = {
				ALWAYS_SEARCH_USER_PATHS = NO;
				CLANG_ANALYZER_NONNULL = YES;
				CLANG_ANALYZER_NUMBER_OBJECT_CONVERSION = YES_AGGRESSIVE;
				CLANG_CXX_LANGUAGE_STANDARD = "gnu++14";
				CLANG_CXX_LIBRARY = "libc++";
				CLANG_ENABLE_MODULES = YES;
				CLANG_ENABLE_OBJC_ARC = YES;
				CLANG_ENABLE_OBJC_WEAK = YES;
				CLANG_WARN_BLOCK_CAPTURE_AUTORELEASING = YES;
				CLANG_WARN_BOOL_CONVERSION = YES;
				CLANG_WARN_COMMA = YES;
				CLANG_WARN_CONSTANT_CONVERSION = YES;
				CLANG_WARN_DEPRECATED_OBJC_IMPLEMENTATIONS = YES;
				CLANG_WARN_DIRECT_OBJC_ISA_USAGE = YES_ERROR;
				CLANG_WARN_DOCUMENTATION_COMMENTS = YES;
				CLANG_WARN_EMPTY_BODY = YES;
				CLANG_WARN_ENUM_CONVERSION = YES;
				CLANG_WARN_INFINITE_RECURSION = YES;
				CLANG_WARN_INT_CONVERSION = YES;
				CLANG_WARN_NON_LITERAL_NULL_CONVERSION = YES;
				CLANG_WARN_OBJC_IMPLICIT_RETAIN_SELF = YES;
				CLANG_WARN_OBJC_LITERAL_CONVERSION = YES;
				CLANG_WARN_OBJC_ROOT_CLASS = YES_ERROR;
				CLANG_WARN_RANGE_LOOP_ANALYSIS = YES;
				CLANG_WARN_STRICT_PROTOTYPES = YES;
				CLANG_WARN_SUSPICIOUS_MOVE = YES;
				CLANG_WARN_UNGUARDED_AVAILABILITY = YES_AGGRESSIVE;
				CLANG_WARN_UNREACHABLE_CODE = YES;
				CLANG_WARN__DUPLICATE_METHOD_MATCH = YES;
				COPY_PHASE_STRIP = NO;
				DEBUG_INFORMATION_FORMAT = dwarf;
				ENABLE_STRICT_OBJC_MSGSEND = YES;
				ENABLE_TESTABILITY = YES;
				GCC_C_LANGUAGE_STANDARD = gnu11;
				GCC_DYNAMIC_NO_PIC = NO;
				GCC_NO_COMMON_BLOCKS = YES;
				GCC_OPTIMIZATION_LEVEL = 0;
				GCC_PREPROCESSOR_DEFINITIONS = (
					"DEBUG=1",
					"$(inherited)",
				);
				GCC_WARN_64_TO_32_BIT_CONVERSION = YES;
				GCC_WARN_ABOUT_RETURN_TYPE = YES_ERROR;
				GCC_WARN_UNDECLARED_SELECTOR = YES;
				GCC_WARN_UNINITIALIZED_AUTOS = YES_AGGRESSIVE;
				GCC_WARN_UNUSED_FUNCTION = YES;
				GCC_WARN_UNUSED_VARIABLE = YES;
				IPHONEOS_DEPLOYMENT_TARGET = 13.5;
				MTL_ENABLE_DEBUG_INFO = INCLUDE_SOURCE;
				MTL_FAST_MATH = YES;
				ONLY_ACTIVE_ARCH = YES;
				SDKROOT = iphoneos;
				SWIFT_ACTIVE_COMPILATION_CONDITIONS = DEBUG;
				SWIFT_OPTIMIZATION_LEVEL = "-Onone";
			};
			name = Debug;
		};
		ADF865972499E73600D09D30 /* Release */ = {
			isa = XCBuildConfiguration;
			buildSettings = {
				ALWAYS_SEARCH_USER_PATHS = NO;
				CLANG_ANALYZER_NONNULL = YES;
				CLANG_ANALYZER_NUMBER_OBJECT_CONVERSION = YES_AGGRESSIVE;
				CLANG_CXX_LANGUAGE_STANDARD = "gnu++14";
				CLANG_CXX_LIBRARY = "libc++";
				CLANG_ENABLE_MODULES = YES;
				CLANG_ENABLE_OBJC_ARC = YES;
				CLANG_ENABLE_OBJC_WEAK = YES;
				CLANG_WARN_BLOCK_CAPTURE_AUTORELEASING = YES;
				CLANG_WARN_BOOL_CONVERSION = YES;
				CLANG_WARN_COMMA = YES;
				CLANG_WARN_CONSTANT_CONVERSION = YES;
				CLANG_WARN_DEPRECATED_OBJC_IMPLEMENTATIONS = YES;
				CLANG_WARN_DIRECT_OBJC_ISA_USAGE = YES_ERROR;
				CLANG_WARN_DOCUMENTATION_COMMENTS = YES;
				CLANG_WARN_EMPTY_BODY = YES;
				CLANG_WARN_ENUM_CONVERSION = YES;
				CLANG_WARN_INFINITE_RECURSION = YES;
				CLANG_WARN_INT_CONVERSION = YES;
				CLANG_WARN_NON_LITERAL_NULL_CONVERSION = YES;
				CLANG_WARN_OBJC_IMPLICIT_RETAIN_SELF = YES;
				CLANG_WARN_OBJC_LITERAL_CONVERSION = YES;
				CLANG_WARN_OBJC_ROOT_CLASS = YES_ERROR;
				CLANG_WARN_RANGE_LOOP_ANALYSIS = YES;
				CLANG_WARN_STRICT_PROTOTYPES = YES;
				CLANG_WARN_SUSPICIOUS_MOVE = YES;
				CLANG_WARN_UNGUARDED_AVAILABILITY = YES_AGGRESSIVE;
				CLANG_WARN_UNREACHABLE_CODE = YES;
				CLANG_WARN__DUPLICATE_METHOD_MATCH = YES;
				COPY_PHASE_STRIP = NO;
				DEBUG_INFORMATION_FORMAT = "dwarf-with-dsym";
				ENABLE_NS_ASSERTIONS = NO;
				ENABLE_STRICT_OBJC_MSGSEND = YES;
				GCC_C_LANGUAGE_STANDARD = gnu11;
				GCC_NO_COMMON_BLOCKS = YES;
				GCC_WARN_64_TO_32_BIT_CONVERSION = YES;
				GCC_WARN_ABOUT_RETURN_TYPE = YES_ERROR;
				GCC_WARN_UNDECLARED_SELECTOR = YES;
				GCC_WARN_UNINITIALIZED_AUTOS = YES_AGGRESSIVE;
				GCC_WARN_UNUSED_FUNCTION = YES;
				GCC_WARN_UNUSED_VARIABLE = YES;
				IPHONEOS_DEPLOYMENT_TARGET = 13.5;
				MTL_ENABLE_DEBUG_INFO = NO;
				MTL_FAST_MATH = YES;
				SDKROOT = iphoneos;
				SWIFT_COMPILATION_MODE = wholemodule;
				SWIFT_OPTIMIZATION_LEVEL = "-O";
				VALIDATE_PRODUCT = YES;
			};
			name = Release;
		};
		ADF865992499E73600D09D30 /* Debug */ = {
			isa = XCBuildConfiguration;
			baseConfigurationReference = F81634CBAD6B6C5D148015ED /* Pods-Todoey.debug.xcconfig */;
			buildSettings = {
				ASSETCATALOG_COMPILER_APPICON_NAME = AppIcon;
				CODE_SIGN_STYLE = Automatic;
				DEVELOPMENT_TEAM = 86C7Q9RW8H;
				INFOPLIST_FILE = Todoey/Info.plist;
				LD_RUNPATH_SEARCH_PATHS = (
					"$(inherited)",
					"@executable_path/Frameworks",
				);
				PRODUCT_BUNDLE_IDENTIFIER = com.tarmalar.Todoey;
				PRODUCT_NAME = "$(TARGET_NAME)";
				SWIFT_VERSION = 5.0;
				TARGETED_DEVICE_FAMILY = "1,2";
			};
			name = Debug;
		};
		ADF8659A2499E73600D09D30 /* Release */ = {
			isa = XCBuildConfiguration;
			baseConfigurationReference = 7A367348C97A3CC8C1D12D35 /* Pods-Todoey.release.xcconfig */;
			buildSettings = {
				ASSETCATALOG_COMPILER_APPICON_NAME = AppIcon;
				CODE_SIGN_STYLE = Automatic;
				DEVELOPMENT_TEAM = 86C7Q9RW8H;
				INFOPLIST_FILE = Todoey/Info.plist;
				LD_RUNPATH_SEARCH_PATHS = (
					"$(inherited)",
					"@executable_path/Frameworks",
				);
				PRODUCT_BUNDLE_IDENTIFIER = com.tarmalar.Todoey;
				PRODUCT_NAME = "$(TARGET_NAME)";
				SWIFT_VERSION = 5.0;
				TARGETED_DEVICE_FAMILY = "1,2";
			};
			name = Release;
		};
/* End XCBuildConfiguration section */

/* Begin XCConfigurationList section */
		ADF8657F2499E73400D09D30 /* Build configuration list for PBXProject "Todoey" */ = {
			isa = XCConfigurationList;
			buildConfigurations = (
				ADF865962499E73600D09D30 /* Debug */,
				ADF865972499E73600D09D30 /* Release */,
			);
			defaultConfigurationIsVisible = 0;
			defaultConfigurationName = Release;
		};
		ADF865982499E73600D09D30 /* Build configuration list for PBXNativeTarget "Todoey" */ = {
			isa = XCConfigurationList;
			buildConfigurations = (
				ADF865992499E73600D09D30 /* Debug */,
				ADF8659A2499E73600D09D30 /* Release */,
			);
			defaultConfigurationIsVisible = 0;
			defaultConfigurationName = Release;
		};
/* End XCConfigurationList section */
	};
	rootObject = ADF8657C2499E73400D09D30 /* Project object */;
}
